
Microsoft Visual Studio Solution File, Format Version 12.00
# Visual Studio 2013
VisualStudioVersion = 12.0.30723.0
MinimumVisualStudioVersion = 10.0.40219.1
Project("{FAE04EC0-301F-11D3-BF4B-00C04F79EFBC}") = "Transmission Line", "TransmissionLine\Transmission Line.csproj", "{3A0AF5FE-F01B-4B71-84B9-FC44511D0C89}"
EndProject
Project("{FAE04EC0-301F-11D3-BF4B-00C04F79EFBC}") = "Smith Chart", "Smith Chart\Smith Chart.csproj", "{B7FF038D-CDE8-4748-8306-DA65BC715821}"
EndProject
Project("{FAE04EC0-301F-11D3-BF4B-00C04F79EFBC}") = "Model", "Model\Model.csproj", "{AA8EE8FA-8E0A-43DC-ADA9-0510FB174DBA}"
EndProject
Global
	GlobalSection(SolutionConfigurationPlatforms) = preSolution
		Debug|Any CPU = Debug|Any CPU
		Release|Any CPU = Release|Any CPU
	EndGlobalSection
	GlobalSection(ProjectConfigurationPlatforms) = postSolution
		{3A0AF5FE-F01B-4B71-84B9-FC44511D0C89}.Debug|Any CPU.ActiveCfg = Debug|Any CPU
		{3A0AF5FE-F01B-4B71-84B9-FC44511D0C89}.Debug|Any CPU.Build.0 = Debug|Any CPU
		{3A0AF5FE-F01B-4B71-84B9-FC44511D0C89}.Release|Any CPU.ActiveCfg = Release|Any CPU
		{3A0AF5FE-F01B-4B71-84B9-FC44511D0C89}.Release|Any CPU.Build.0 = Release|Any CPU
		{B7FF038D-CDE8-4748-8306-DA65BC715821}.Debug|Any CPU.ActiveCfg = Debug|Any CPU
		{B7FF038D-CDE8-4748-8306-DA65BC715821}.Debug|Any CPU.Build.0 = Debug|Any CPU
		{B7FF038D-CDE8-4748-8306-DA65BC715821}.Release|Any CPU.ActiveCfg = Release|Any CPU
		{B7FF038D-CDE8-4748-8306-DA65BC715821}.Release|Any CPU.Build.0 = Release|Any CPU
		{AA8EE8FA-8E0A-43DC-ADA9-0510FB174DBA}.Debug|Any CPU.ActiveCfg = Debug|Any CPU
		{AA8EE8FA-8E0A-43DC-ADA9-0510FB174DBA}.Debug|Any CPU.Build.0 = Debug|Any CPU
		{AA8EE8FA-8E0A-43DC-ADA9-0510FB174DBA}.Release|Any CPU.ActiveCfg = Release|Any CPU
		{AA8EE8FA-8E0A-43DC-ADA9-0510FB174DBA}.Release|Any CPU.Build.0 = Release|Any CPU
	EndGlobalSection
	GlobalSection(SolutionProperties) = preSolution
		HideSolutionNode = FALSE
	EndGlobalSection
EndGlobal
